
Microsoft Visual Studio Solution File, Format Version 12.00
# Visual Studio 15
VisualStudioVersion = 15.0.28307.421
MinimumVisualStudioVersion = 10.0.40219.1
Project("{FAE04EC0-301F-11D3-BF4B-00C04F79EFBC}") = "RealMerchPlan", "RealMerchPlan\RealMerchPlan.csproj", "{484C9A57-BF87-4EAE-88D2-00530095959B}"
EndProject
Global
	GlobalSection(SolutionConfigurationPlatforms) = preSolution
		Debug|Any CPU = Debug|Any CPU
		Release|Any CPU = Release|Any CPU
	EndGlobalSection
	GlobalSection(ProjectConfigurationPlatforms) = postSolution
		{484C9A57-BF87-4EAE-88D2-00530095959B}.Debug|Any CPU.ActiveCfg = Debug|Any CPU
		{484C9A57-BF87-4EAE-88D2-00530095959B}.Debug|Any CPU.Build.0 = Debug|Any CPU
		{484C9A57-BF87-4EAE-88D2-00530095959B}.Release|Any CPU.ActiveCfg = Release|Any CPU
		{484C9A57-BF87-4EAE-88D2-00530095959B}.Release|Any CPU.Build.0 = Release|Any CPU
	EndGlobalSection
	GlobalSection(SolutionProperties) = preSolution
		HideSolutionNode = FALSE
	EndGlobalSection
	GlobalSection(ExtensibilityGlobals) = postSolution
		SolutionGuid = {D3EE9903-B16F-4177-A74B-12C2DB591E8A}
	EndGlobalSection
EndGlobal
